
Microsoft Visual Studio Solution File, Format Version 12.00
# Visual Studio Version 17
VisualStudioVersion = 17.11.35303.130
MinimumVisualStudioVersion = 10.0.40219.1
Project("{FAE04EC0-301F-11D3-BF4B-00C04F79EFBC}") = "HelloWorld", "HelloWorld\HelloWorld.csproj", "{C1692157-D960-4BAA-B8D0-8265DB7A800F}"
EndProject
Global
	GlobalSection(SolutionConfigurationPlatforms) = preSolution
		Debug|Any CPU = Debug|Any CPU
		Release|Any CPU = Release|Any CPU
	EndGlobalSection
	GlobalSection(ProjectConfigurationPlatforms) = postSolution
		{C1692157-D960-4BAA-B8D0-8265DB7A800F}.Debug|Any CPU.ActiveCfg = Debug|Any CPU
		{C1692157-D960-4BAA-B8D0-8265DB7A800F}.Debug|Any CPU.Build.0 = Debug|Any CPU
		{C1692157-D960-4BAA-B8D0-8265DB7A800F}.Release|Any CPU.ActiveCfg = Release|Any CPU
		{C1692157-D960-4BAA-B8D0-8265DB7A800F}.Release|Any CPU.Build.0 = Release|Any CPU
	EndGlobalSection
	GlobalSection(SolutionProperties) = preSolution
		HideSolutionNode = FALSE
	EndGlobalSection
	GlobalSection(ExtensibilityGlobals) = postSolution
		SolutionGuid = {49087F19-CB43-43E3-BE07-532BEBDD81FE}
	EndGlobalSection
EndGlobal
